<Solution>
  <Project Path="01_MainSubjects/01_MainSubjects.csproj" />
  <Project Path="02_Veriables/02_Veriables.csproj" Id="70964174-ab67-405e-9a66-ea34eb23cefa" />
  <Project Path="03_MakingDecision/03_MakingDecision.csproj" Id="671808ee-553a-4070-86ee-0a2c9a1c3e9b" />
  <Project Path="04_Loops/04_Loops.csproj" Id="86c72aef-1b36-4b1c-aeed-3d2ce1708e5d" />
</Solution>
